
Microsoft Visual Studio Solution File, Format Version 12.00
# Visual Studio Version 16
VisualStudioVersion = 16.0.28407.52
MinimumVisualStudioVersion = 10.0.40219.1
Project("{FAE04EC0-301F-11D3-BF4B-00C04F79EFBC}") = "CommandManager", "CommandManager\CommandManager.csproj", "{3F005452-EBB6-4403-838F-31288A62AAC6}"
EndProject
Global
	GlobalSection(SolutionConfigurationPlatforms) = preSolution
		Debug|Any CPU = Debug|Any CPU
		Release|Any CPU = Release|Any CPU
	EndGlobalSection
	GlobalSection(ProjectConfigurationPlatforms) = postSolution
		{3F005452-EBB6-4403-838F-31288A62AAC6}.Debug|Any CPU.ActiveCfg = Debug|Any CPU
		{3F005452-EBB6-4403-838F-31288A62AAC6}.Debug|Any CPU.Build.0 = Debug|Any CPU
		{3F005452-EBB6-4403-838F-31288A62AAC6}.Release|Any CPU.ActiveCfg = Release|Any CPU
		{3F005452-EBB6-4403-838F-31288A62AAC6}.Release|Any CPU.Build.0 = Release|Any CPU
	EndGlobalSection
	GlobalSection(SolutionProperties) = preSolution
		HideSolutionNode = FALSE
	EndGlobalSection
	GlobalSection(ExtensibilityGlobals) = postSolution
		SolutionGuid = {BC9543EC-8950-451B-979D-7022EA7F08B6}
	EndGlobalSection
EndGlobal
